
Microsoft Visual Studio Solution File, Format Version 12.00
# Visual Studio Version 16
VisualStudioVersion = 16.0.31613.86
MinimumVisualStudioVersion = 10.0.40219.1
Project("{9A19103F-16F7-4668-BE54-9A1E7A4F7556}") = "WebAPIDemo", "WebAPIDemo\WebAPIDemo.csproj", "{AC968446-B018-4C09-87FD-FCE7F806A4EE}"
EndProject
Project("{9A19103F-16F7-4668-BE54-9A1E7A4F7556}") = "WebAPIDemoDataAcess", "WebAPIDemoDataAcess\WebAPIDemoDataAcess.csproj", "{E361B5AE-8019-442A-A709-BBC3F0201F43}"
EndProject
Project("{9A19103F-16F7-4668-BE54-9A1E7A4F7556}") = "WebDemoTestLayer", "WebDemoTestLayer\WebDemoTestLayer.csproj", "{EBF52153-FC7D-4072-8A19-B6FA2FBBDB6F}"
EndProject
Global
	GlobalSection(SolutionConfigurationPlatforms) = preSolution
		Debug|Any CPU = Debug|Any CPU
		Release|Any CPU = Release|Any CPU
	EndGlobalSection
	GlobalSection(ProjectConfigurationPlatforms) = postSolution
		{AC968446-B018-4C09-87FD-FCE7F806A4EE}.Debug|Any CPU.ActiveCfg = Debug|Any CPU
		{AC968446-B018-4C09-87FD-FCE7F806A4EE}.Debug|Any CPU.Build.0 = Debug|Any CPU
		{AC968446-B018-4C09-87FD-FCE7F806A4EE}.Release|Any CPU.ActiveCfg = Release|Any CPU
		{AC968446-B018-4C09-87FD-FCE7F806A4EE}.Release|Any CPU.Build.0 = Release|Any CPU
		{E361B5AE-8019-442A-A709-BBC3F0201F43}.Debug|Any CPU.ActiveCfg = Debug|Any CPU
		{E361B5AE-8019-442A-A709-BBC3F0201F43}.Debug|Any CPU.Build.0 = Debug|Any CPU
		{E361B5AE-8019-442A-A709-BBC3F0201F43}.Release|Any CPU.ActiveCfg = Release|Any CPU
		{E361B5AE-8019-442A-A709-BBC3F0201F43}.Release|Any CPU.Build.0 = Release|Any CPU
		{EBF52153-FC7D-4072-8A19-B6FA2FBBDB6F}.Debug|Any CPU.ActiveCfg = Debug|Any CPU
		{EBF52153-FC7D-4072-8A19-B6FA2FBBDB6F}.Debug|Any CPU.Build.0 = Debug|Any CPU
		{EBF52153-FC7D-4072-8A19-B6FA2FBBDB6F}.Release|Any CPU.ActiveCfg = Release|Any CPU
		{EBF52153-FC7D-4072-8A19-B6FA2FBBDB6F}.Release|Any CPU.Build.0 = Release|Any CPU
	EndGlobalSection
	GlobalSection(SolutionProperties) = preSolution
		HideSolutionNode = FALSE
	EndGlobalSection
	GlobalSection(ExtensibilityGlobals) = postSolution
		SolutionGuid = {79555AC8-DCD2-46D4-BB89-C103BD4EC986}
	EndGlobalSection
EndGlobal
